
Microsoft Visual Studio Solution File, Format Version 12.00
# Visual Studio 15
VisualStudioVersion = 15.0.28010.2041
MinimumVisualStudioVersion = 10.0.40219.1
Project("{FAE04EC0-301F-11D3-BF4B-00C04F79EFBC}") = "Chapter 10", "Chapter 10\Chapter 10.csproj", "{1481C26E-27BB-4028-9707-29785A31483E}"
EndProject
Project("{FAE04EC0-301F-11D3-BF4B-00C04F79EFBC}") = "Task 1", "Chapter 10\Task 1\Task 1.csproj", "{A4BCE250-9AB4-4AAB-A3F6-F0BDDD082229}"
EndProject
Project("{FAE04EC0-301F-11D3-BF4B-00C04F79EFBC}") = "Task 2", "Chapter 10\Task 2\Task 2.csproj", "{09CAAD88-257F-4D13-BFFE-086D50C7A9D4}"
EndProject
Project("{FAE04EC0-301F-11D3-BF4B-00C04F79EFBC}") = "Task 3", "..\Task 3\Task 3.csproj", "{8E97BD51-9236-4BBF-9A04-E26931C604D9}"
EndProject
Project("{FAE04EC0-301F-11D3-BF4B-00C04F79EFBC}") = "Task 4", "..\Task 4\Task 4.csproj", "{9DA100FF-210E-431E-8A0B-6823641E5043}"
EndProject
Project("{FAE04EC0-301F-11D3-BF4B-00C04F79EFBC}") = "Task 5", "..\Task 5\Task 5.csproj", "{7082152A-B57D-47D2-A632-D336CCDA4F0E}"
EndProject
Project("{FAE04EC0-301F-11D3-BF4B-00C04F79EFBC}") = "Task 6", "..\Task 6\Task 6.csproj", "{2D4CD98F-F1C3-4360-902D-29B7D9A83203}"
EndProject
Project("{FAE04EC0-301F-11D3-BF4B-00C04F79EFBC}") = "Task 7", "..\Task 7\Task 7.csproj", "{F5A9F4B3-FF72-48E5-B991-194ABEFA2DEF}"
EndProject
Project("{FAE04EC0-301F-11D3-BF4B-00C04F79EFBC}") = "Task 8", "Task 8\Task 8.csproj", "{31763CB6-1112-4135-9E1B-DF5AEB3B3230}"
EndProject
Project("{FAE04EC0-301F-11D3-BF4B-00C04F79EFBC}") = "Task 9", "..\Task 9\Task 9.csproj", "{71D9AB4A-7130-4ACC-B6B3-AC5BE5B1ACA9}"
EndProject
Project("{FAE04EC0-301F-11D3-BF4B-00C04F79EFBC}") = "Task 10", "..\Task 10\Task 10.csproj", "{C750EB75-C318-411F-AC10-2F78EC50E716}"
EndProject
Project("{FAE04EC0-301F-11D3-BF4B-00C04F79EFBC}") = "Task 11", "..\Task 11\Task 11.csproj", "{9527F527-B3A0-4890-BAED-EF87535A98C7}"
EndProject
Project("{FAE04EC0-301F-11D3-BF4B-00C04F79EFBC}") = "Task 12", "..\Task 12\Task 12.csproj", "{081CCE6F-90A9-484F-B37C-274EFE4D5CAA}"
EndProject
Project("{FAE04EC0-301F-11D3-BF4B-00C04F79EFBC}") = "Task 13", "..\Task 13\Task 13.csproj", "{0B5B223F-DEA7-496C-BD3A-468312830E60}"
EndProject
Project("{FAE04EC0-301F-11D3-BF4B-00C04F79EFBC}") = "Task 14", "..\Task 14\Task 14.csproj", "{E316134B-0F4E-47B4-B554-A36D00B52F95}"
EndProject
Project("{FAE04EC0-301F-11D3-BF4B-00C04F79EFBC}") = "Task 15", "..\Task 15\Task 15.csproj", "{EB622B5D-E286-4D37-BB27-F856586F3FF0}"
EndProject
Global
	GlobalSection(SolutionConfigurationPlatforms) = preSolution
		Debug|Any CPU = Debug|Any CPU
		Release|Any CPU = Release|Any CPU
	EndGlobalSection
	GlobalSection(ProjectConfigurationPlatforms) = postSolution
		{1481C26E-27BB-4028-9707-29785A31483E}.Debug|Any CPU.ActiveCfg = Debug|Any CPU
		{1481C26E-27BB-4028-9707-29785A31483E}.Debug|Any CPU.Build.0 = Debug|Any CPU
		{1481C26E-27BB-4028-9707-29785A31483E}.Release|Any CPU.ActiveCfg = Release|Any CPU
		{1481C26E-27BB-4028-9707-29785A31483E}.Release|Any CPU.Build.0 = Release|Any CPU
		{A4BCE250-9AB4-4AAB-A3F6-F0BDDD082229}.Debug|Any CPU.ActiveCfg = Debug|Any CPU
		{A4BCE250-9AB4-4AAB-A3F6-F0BDDD082229}.Debug|Any CPU.Build.0 = Debug|Any CPU
		{A4BCE250-9AB4-4AAB-A3F6-F0BDDD082229}.Release|Any CPU.ActiveCfg = Release|Any CPU
		{A4BCE250-9AB4-4AAB-A3F6-F0BDDD082229}.Release|Any CPU.Build.0 = Release|Any CPU
		{09CAAD88-257F-4D13-BFFE-086D50C7A9D4}.Debug|Any CPU.ActiveCfg = Debug|Any CPU
		{09CAAD88-257F-4D13-BFFE-086D50C7A9D4}.Debug|Any CPU.Build.0 = Debug|Any CPU
		{09CAAD88-257F-4D13-BFFE-086D50C7A9D4}.Release|Any CPU.ActiveCfg = Release|Any CPU
		{09CAAD88-257F-4D13-BFFE-086D50C7A9D4}.Release|Any CPU.Build.0 = Release|Any CPU
		{8E97BD51-9236-4BBF-9A04-E26931C604D9}.Debug|Any CPU.ActiveCfg = Debug|Any CPU
		{8E97BD51-9236-4BBF-9A04-E26931C604D9}.Debug|Any CPU.Build.0 = Debug|Any CPU
		{8E97BD51-9236-4BBF-9A04-E26931C604D9}.Release|Any CPU.ActiveCfg = Release|Any CPU
		{8E97BD51-9236-4BBF-9A04-E26931C604D9}.Release|Any CPU.Build.0 = Release|Any CPU
		{9DA100FF-210E-431E-8A0B-6823641E5043}.Debug|Any CPU.ActiveCfg = Debug|Any CPU
		{9DA100FF-210E-431E-8A0B-6823641E5043}.Debug|Any CPU.Build.0 = Debug|Any CPU
		{9DA100FF-210E-431E-8A0B-6823641E5043}.Release|Any CPU.ActiveCfg = Release|Any CPU
		{9DA100FF-210E-431E-8A0B-6823641E5043}.Release|Any CPU.Build.0 = Release|Any CPU
		{7082152A-B57D-47D2-A632-D336CCDA4F0E}.Debug|Any CPU.ActiveCfg = Debug|Any CPU
		{7082152A-B57D-47D2-A632-D336CCDA4F0E}.Debug|Any CPU.Build.0 = Debug|Any CPU
		{7082152A-B57D-47D2-A632-D336CCDA4F0E}.Release|Any CPU.ActiveCfg = Release|Any CPU
		{7082152A-B57D-47D2-A632-D336CCDA4F0E}.Release|Any CPU.Build.0 = Release|Any CPU
		{2D4CD98F-F1C3-4360-902D-29B7D9A83203}.Debug|Any CPU.ActiveCfg = Debug|Any CPU
		{2D4CD98F-F1C3-4360-902D-29B7D9A83203}.Debug|Any CPU.Build.0 = Debug|Any CPU
		{2D4CD98F-F1C3-4360-902D-29B7D9A83203}.Release|Any CPU.ActiveCfg = Release|Any CPU
		{2D4CD98F-F1C3-4360-902D-29B7D9A83203}.Release|Any CPU.Build.0 = Release|Any CPU
		{F5A9F4B3-FF72-48E5-B991-194ABEFA2DEF}.Debug|Any CPU.ActiveCfg = Debug|Any CPU
		{F5A9F4B3-FF72-48E5-B991-194ABEFA2DEF}.Debug|Any CPU.Build.0 = Debug|Any CPU
		{F5A9F4B3-FF72-48E5-B991-194ABEFA2DEF}.Release|Any CPU.ActiveCfg = Release|Any CPU
		{F5A9F4B3-FF72-48E5-B991-194ABEFA2DEF}.Release|Any CPU.Build.0 = Release|Any CPU
		{31763CB6-1112-4135-9E1B-DF5AEB3B3230}.Debug|Any CPU.ActiveCfg = Debug|Any CPU
		{31763CB6-1112-4135-9E1B-DF5AEB3B3230}.Debug|Any CPU.Build.0 = Debug|Any CPU
		{31763CB6-1112-4135-9E1B-DF5AEB3B3230}.Release|Any CPU.ActiveCfg = Release|Any CPU
		{31763CB6-1112-4135-9E1B-DF5AEB3B3230}.Release|Any CPU.Build.0 = Release|Any CPU
		{71D9AB4A-7130-4ACC-B6B3-AC5BE5B1ACA9}.Debug|Any CPU.ActiveCfg = Debug|Any CPU
		{71D9AB4A-7130-4ACC-B6B3-AC5BE5B1ACA9}.Debug|Any CPU.Build.0 = Debug|Any CPU
		{71D9AB4A-7130-4ACC-B6B3-AC5BE5B1ACA9}.Release|Any CPU.ActiveCfg = Release|Any CPU
		{71D9AB4A-7130-4ACC-B6B3-AC5BE5B1ACA9}.Release|Any CPU.Build.0 = Release|Any CPU
		{C750EB75-C318-411F-AC10-2F78EC50E716}.Debug|Any CPU.ActiveCfg = Debug|Any CPU
		{C750EB75-C318-411F-AC10-2F78EC50E716}.Debug|Any CPU.Build.0 = Debug|Any CPU
		{C750EB75-C318-411F-AC10-2F78EC50E716}.Release|Any CPU.ActiveCfg = Release|Any CPU
		{C750EB75-C318-411F-AC10-2F78EC50E716}.Release|Any CPU.Build.0 = Release|Any CPU
		{9527F527-B3A0-4890-BAED-EF87535A98C7}.Debug|Any CPU.ActiveCfg = Debug|Any CPU
		{9527F527-B3A0-4890-BAED-EF87535A98C7}.Debug|Any CPU.Build.0 = Debug|Any CPU
		{9527F527-B3A0-4890-BAED-EF87535A98C7}.Release|Any CPU.ActiveCfg = Release|Any CPU
		{9527F527-B3A0-4890-BAED-EF87535A98C7}.Release|Any CPU.Build.0 = Release|Any CPU
		{081CCE6F-90A9-484F-B37C-274EFE4D5CAA}.Debug|Any CPU.ActiveCfg = Debug|Any CPU
		{081CCE6F-90A9-484F-B37C-274EFE4D5CAA}.Debug|Any CPU.Build.0 = Debug|Any CPU
		{081CCE6F-90A9-484F-B37C-274EFE4D5CAA}.Release|Any CPU.ActiveCfg = Release|Any CPU
		{081CCE6F-90A9-484F-B37C-274EFE4D5CAA}.Release|Any CPU.Build.0 = Release|Any CPU
		{0B5B223F-DEA7-496C-BD3A-468312830E60}.Debug|Any CPU.ActiveCfg = Debug|Any CPU
		{0B5B223F-DEA7-496C-BD3A-468312830E60}.Debug|Any CPU.Build.0 = Debug|Any CPU
		{0B5B223F-DEA7-496C-BD3A-468312830E60}.Release|Any CPU.ActiveCfg = Release|Any CPU
		{0B5B223F-DEA7-496C-BD3A-468312830E60}.Release|Any CPU.Build.0 = Release|Any CPU
		{E316134B-0F4E-47B4-B554-A36D00B52F95}.Debug|Any CPU.ActiveCfg = Debug|Any CPU
		{E316134B-0F4E-47B4-B554-A36D00B52F95}.Debug|Any CPU.Build.0 = Debug|Any CPU
		{E316134B-0F4E-47B4-B554-A36D00B52F95}.Release|Any CPU.ActiveCfg = Release|Any CPU
		{E316134B-0F4E-47B4-B554-A36D00B52F95}.Release|Any CPU.Build.0 = Release|Any CPU
		{EB622B5D-E286-4D37-BB27-F856586F3FF0}.Debug|Any CPU.ActiveCfg = Debug|Any CPU
		{EB622B5D-E286-4D37-BB27-F856586F3FF0}.Debug|Any CPU.Build.0 = Debug|Any CPU
		{EB622B5D-E286-4D37-BB27-F856586F3FF0}.Release|Any CPU.ActiveCfg = Release|Any CPU
		{EB622B5D-E286-4D37-BB27-F856586F3FF0}.Release|Any CPU.Build.0 = Release|Any CPU
	EndGlobalSection
	GlobalSection(SolutionProperties) = preSolution
		HideSolutionNode = FALSE
	EndGlobalSection
	GlobalSection(ExtensibilityGlobals) = postSolution
		SolutionGuid = {0788C991-BBB9-4C40-AA2E-AECD0CCE3E61}
	EndGlobalSection
EndGlobal
