
Microsoft Visual Studio Solution File, Format Version 12.00
# Visual Studio 15
VisualStudioVersion = 15.0.28010.2041
MinimumVisualStudioVersion = 10.0.40219.1
Project("{FAE04EC0-301F-11D3-BF4B-00C04F79EFBC}") = "Task 1", "..\Task 1\Task 1.csproj", "{4999DD18-634B-446A-ADF1-EE27528CBDA5}"
EndProject
Project("{FAE04EC0-301F-11D3-BF4B-00C04F79EFBC}") = "Task 2", "..\Task 2\Task 2.csproj", "{5CC2FBC2-2AF4-46D1-9F1E-00F7954A75A8}"
EndProject
Project("{FAE04EC0-301F-11D3-BF4B-00C04F79EFBC}") = "Task 3", "..\Task 3\Task 3.csproj", "{EF4B9E24-8850-4961-9966-7FD27E9089D2}"
EndProject
Project("{FAE04EC0-301F-11D3-BF4B-00C04F79EFBC}") = "Task 4", "..\Task 4\Task 4.csproj", "{33ACC4AD-8D0B-4641-B710-B4D15C19AEB4}"
EndProject
Project("{FAE04EC0-301F-11D3-BF4B-00C04F79EFBC}") = "Task 5", "..\Task 5\Task 5.csproj", "{0B8D20C1-8C86-497D-AF86-330A7F5BFCD6}"
EndProject
Project("{FAE04EC0-301F-11D3-BF4B-00C04F79EFBC}") = "Task 6", "..\Task 6\Task 6.csproj", "{C9CBC778-4EAB-40C0-9335-CCD70EFB0D53}"
EndProject
Project("{FAE04EC0-301F-11D3-BF4B-00C04F79EFBC}") = "Task 7", "..\Task 7\Task 7.csproj", "{52F89D81-26E5-438D-9BB3-3AFD07016197}"
EndProject
Project("{FAE04EC0-301F-11D3-BF4B-00C04F79EFBC}") = "Task 8", "..\Task 8\Task 8.csproj", "{A6C4414B-8A39-4B77-B3FB-EC6FA6FBFAB5}"
EndProject
Project("{FAE04EC0-301F-11D3-BF4B-00C04F79EFBC}") = "Task 9", "..\Task 9\Task 9.csproj", "{C887821F-9F53-4BE1-B1F2-C00A68E385F5}"
EndProject
Project("{FAE04EC0-301F-11D3-BF4B-00C04F79EFBC}") = "Task 10", "..\Task 10\Task 10.csproj", "{B6820846-E058-46B3-ADEA-2FD4D24A5E3C}"
EndProject
Project("{FAE04EC0-301F-11D3-BF4B-00C04F79EFBC}") = "Task 11", "..\Task 11\Task 11.csproj", "{9E3A6FBB-F480-4546-92C1-6A741E138143}"
EndProject
Project("{FAE04EC0-301F-11D3-BF4B-00C04F79EFBC}") = "Task 12", "..\Task 12\Task 12.csproj", "{691FC29F-934C-44B5-A5F7-C4B85379ECCE}"
EndProject
Project("{FAE04EC0-301F-11D3-BF4B-00C04F79EFBC}") = "Task 13", "..\Task 13\Task 13.csproj", "{C542FE6A-BE8E-41A6-AC26-F623C15D94D7}"
EndProject
Project("{FAE04EC0-301F-11D3-BF4B-00C04F79EFBC}") = "Task 14", "..\Task 14\Task 14.csproj", "{775FB9FE-C5D4-4BF4-8B47-22F286848A13}"
EndProject
Project("{FAE04EC0-301F-11D3-BF4B-00C04F79EFBC}") = "Task 15", "..\Task 15\Task 15.csproj", "{C683AB9E-80E1-4B2F-824E-FBD37E471944}"
EndProject
Project("{FAE04EC0-301F-11D3-BF4B-00C04F79EFBC}") = "Task 16", "..\Task 16\Task 16.csproj", "{BECCB313-EEE1-4B99-8A4F-694BC8825423}"
EndProject
Global
	GlobalSection(SolutionConfigurationPlatforms) = preSolution
		Debug|Any CPU = Debug|Any CPU
		Release|Any CPU = Release|Any CPU
	EndGlobalSection
	GlobalSection(ProjectConfigurationPlatforms) = postSolution
		{4999DD18-634B-446A-ADF1-EE27528CBDA5}.Debug|Any CPU.ActiveCfg = Debug|Any CPU
		{4999DD18-634B-446A-ADF1-EE27528CBDA5}.Debug|Any CPU.Build.0 = Debug|Any CPU
		{4999DD18-634B-446A-ADF1-EE27528CBDA5}.Release|Any CPU.ActiveCfg = Release|Any CPU
		{4999DD18-634B-446A-ADF1-EE27528CBDA5}.Release|Any CPU.Build.0 = Release|Any CPU
		{5CC2FBC2-2AF4-46D1-9F1E-00F7954A75A8}.Debug|Any CPU.ActiveCfg = Debug|Any CPU
		{5CC2FBC2-2AF4-46D1-9F1E-00F7954A75A8}.Debug|Any CPU.Build.0 = Debug|Any CPU
		{5CC2FBC2-2AF4-46D1-9F1E-00F7954A75A8}.Release|Any CPU.ActiveCfg = Release|Any CPU
		{5CC2FBC2-2AF4-46D1-9F1E-00F7954A75A8}.Release|Any CPU.Build.0 = Release|Any CPU
		{EF4B9E24-8850-4961-9966-7FD27E9089D2}.Debug|Any CPU.ActiveCfg = Debug|Any CPU
		{EF4B9E24-8850-4961-9966-7FD27E9089D2}.Debug|Any CPU.Build.0 = Debug|Any CPU
		{EF4B9E24-8850-4961-9966-7FD27E9089D2}.Release|Any CPU.ActiveCfg = Release|Any CPU
		{EF4B9E24-8850-4961-9966-7FD27E9089D2}.Release|Any CPU.Build.0 = Release|Any CPU
		{33ACC4AD-8D0B-4641-B710-B4D15C19AEB4}.Debug|Any CPU.ActiveCfg = Debug|Any CPU
		{33ACC4AD-8D0B-4641-B710-B4D15C19AEB4}.Debug|Any CPU.Build.0 = Debug|Any CPU
		{33ACC4AD-8D0B-4641-B710-B4D15C19AEB4}.Release|Any CPU.ActiveCfg = Release|Any CPU
		{33ACC4AD-8D0B-4641-B710-B4D15C19AEB4}.Release|Any CPU.Build.0 = Release|Any CPU
		{0B8D20C1-8C86-497D-AF86-330A7F5BFCD6}.Debug|Any CPU.ActiveCfg = Debug|Any CPU
		{0B8D20C1-8C86-497D-AF86-330A7F5BFCD6}.Debug|Any CPU.Build.0 = Debug|Any CPU
		{0B8D20C1-8C86-497D-AF86-330A7F5BFCD6}.Release|Any CPU.ActiveCfg = Release|Any CPU
		{0B8D20C1-8C86-497D-AF86-330A7F5BFCD6}.Release|Any CPU.Build.0 = Release|Any CPU
		{C9CBC778-4EAB-40C0-9335-CCD70EFB0D53}.Debug|Any CPU.ActiveCfg = Debug|Any CPU
		{C9CBC778-4EAB-40C0-9335-CCD70EFB0D53}.Debug|Any CPU.Build.0 = Debug|Any CPU
		{C9CBC778-4EAB-40C0-9335-CCD70EFB0D53}.Release|Any CPU.ActiveCfg = Release|Any CPU
		{C9CBC778-4EAB-40C0-9335-CCD70EFB0D53}.Release|Any CPU.Build.0 = Release|Any CPU
		{52F89D81-26E5-438D-9BB3-3AFD07016197}.Debug|Any CPU.ActiveCfg = Debug|Any CPU
		{52F89D81-26E5-438D-9BB3-3AFD07016197}.Debug|Any CPU.Build.0 = Debug|Any CPU
		{52F89D81-26E5-438D-9BB3-3AFD07016197}.Release|Any CPU.ActiveCfg = Release|Any CPU
		{52F89D81-26E5-438D-9BB3-3AFD07016197}.Release|Any CPU.Build.0 = Release|Any CPU
		{A6C4414B-8A39-4B77-B3FB-EC6FA6FBFAB5}.Debug|Any CPU.ActiveCfg = Debug|Any CPU
		{A6C4414B-8A39-4B77-B3FB-EC6FA6FBFAB5}.Debug|Any CPU.Build.0 = Debug|Any CPU
		{A6C4414B-8A39-4B77-B3FB-EC6FA6FBFAB5}.Release|Any CPU.ActiveCfg = Release|Any CPU
		{A6C4414B-8A39-4B77-B3FB-EC6FA6FBFAB5}.Release|Any CPU.Build.0 = Release|Any CPU
		{C887821F-9F53-4BE1-B1F2-C00A68E385F5}.Debug|Any CPU.ActiveCfg = Debug|Any CPU
		{C887821F-9F53-4BE1-B1F2-C00A68E385F5}.Debug|Any CPU.Build.0 = Debug|Any CPU
		{C887821F-9F53-4BE1-B1F2-C00A68E385F5}.Release|Any CPU.ActiveCfg = Release|Any CPU
		{C887821F-9F53-4BE1-B1F2-C00A68E385F5}.Release|Any CPU.Build.0 = Release|Any CPU
		{B6820846-E058-46B3-ADEA-2FD4D24A5E3C}.Debug|Any CPU.ActiveCfg = Debug|Any CPU
		{B6820846-E058-46B3-ADEA-2FD4D24A5E3C}.Debug|Any CPU.Build.0 = Debug|Any CPU
		{B6820846-E058-46B3-ADEA-2FD4D24A5E3C}.Release|Any CPU.ActiveCfg = Release|Any CPU
		{B6820846-E058-46B3-ADEA-2FD4D24A5E3C}.Release|Any CPU.Build.0 = Release|Any CPU
		{9E3A6FBB-F480-4546-92C1-6A741E138143}.Debug|Any CPU.ActiveCfg = Debug|Any CPU
		{9E3A6FBB-F480-4546-92C1-6A741E138143}.Debug|Any CPU.Build.0 = Debug|Any CPU
		{9E3A6FBB-F480-4546-92C1-6A741E138143}.Release|Any CPU.ActiveCfg = Release|Any CPU
		{9E3A6FBB-F480-4546-92C1-6A741E138143}.Release|Any CPU.Build.0 = Release|Any CPU
		{691FC29F-934C-44B5-A5F7-C4B85379ECCE}.Debug|Any CPU.ActiveCfg = Debug|Any CPU
		{691FC29F-934C-44B5-A5F7-C4B85379ECCE}.Debug|Any CPU.Build.0 = Debug|Any CPU
		{691FC29F-934C-44B5-A5F7-C4B85379ECCE}.Release|Any CPU.ActiveCfg = Release|Any CPU
		{691FC29F-934C-44B5-A5F7-C4B85379ECCE}.Release|Any CPU.Build.0 = Release|Any CPU
		{C542FE6A-BE8E-41A6-AC26-F623C15D94D7}.Debug|Any CPU.ActiveCfg = Debug|Any CPU
		{C542FE6A-BE8E-41A6-AC26-F623C15D94D7}.Debug|Any CPU.Build.0 = Debug|Any CPU
		{C542FE6A-BE8E-41A6-AC26-F623C15D94D7}.Release|Any CPU.ActiveCfg = Release|Any CPU
		{C542FE6A-BE8E-41A6-AC26-F623C15D94D7}.Release|Any CPU.Build.0 = Release|Any CPU
		{775FB9FE-C5D4-4BF4-8B47-22F286848A13}.Debug|Any CPU.ActiveCfg = Debug|Any CPU
		{775FB9FE-C5D4-4BF4-8B47-22F286848A13}.Debug|Any CPU.Build.0 = Debug|Any CPU
		{775FB9FE-C5D4-4BF4-8B47-22F286848A13}.Release|Any CPU.ActiveCfg = Release|Any CPU
		{775FB9FE-C5D4-4BF4-8B47-22F286848A13}.Release|Any CPU.Build.0 = Release|Any CPU
		{C683AB9E-80E1-4B2F-824E-FBD37E471944}.Debug|Any CPU.ActiveCfg = Debug|Any CPU
		{C683AB9E-80E1-4B2F-824E-FBD37E471944}.Debug|Any CPU.Build.0 = Debug|Any CPU
		{C683AB9E-80E1-4B2F-824E-FBD37E471944}.Release|Any CPU.ActiveCfg = Release|Any CPU
		{C683AB9E-80E1-4B2F-824E-FBD37E471944}.Release|Any CPU.Build.0 = Release|Any CPU
		{BECCB313-EEE1-4B99-8A4F-694BC8825423}.Debug|Any CPU.ActiveCfg = Debug|Any CPU
		{BECCB313-EEE1-4B99-8A4F-694BC8825423}.Debug|Any CPU.Build.0 = Debug|Any CPU
		{BECCB313-EEE1-4B99-8A4F-694BC8825423}.Release|Any CPU.ActiveCfg = Release|Any CPU
		{BECCB313-EEE1-4B99-8A4F-694BC8825423}.Release|Any CPU.Build.0 = Release|Any CPU
	EndGlobalSection
	GlobalSection(SolutionProperties) = preSolution
		HideSolutionNode = FALSE
	EndGlobalSection
	GlobalSection(ExtensibilityGlobals) = postSolution
		SolutionGuid = {72187695-834B-4734-9891-1AFD1B6C1688}
	EndGlobalSection
EndGlobal
